
Microsoft Visual Studio Solution File, Format Version 12.00
# Visual Studio Version 17
VisualStudioVersion = 17.0.31903.59
MinimumVisualStudioVersion = 10.0.40219.1
Project("{2150E333-8FDC-42A3-9474-1A3956D46DE8}") = "src", "src", "{E2827727-DE0D-4199-8B20-AC09A55B75F0}"
EndProject
Project("{FAE04EC0-301F-11D3-BF4B-00C04F79EFBC}") = "WolfAuth", "src\WolfAuth\WolfAuth.csproj", "{EFA5B0A5-DA91-4B0F-B8FA-088367CF7D2A}"
EndProject
Project("{2150E333-8FDC-42A3-9474-1A3956D46DE8}") = "tests", "tests", "{0AB3BF05-4346-4AA6-1389-037BE0695223}"
EndProject
Project("{FAE04EC0-301F-11D3-BF4B-00C04F79EFBC}") = "WolfAuth.Tests", "tests\WolfAuth.Tests\WolfAuth.Tests.csproj", "{F05DD898-ED2F-464B-AD77-48264DC159E8}"
EndProject
Project("{FAE04EC0-301F-11D3-BF4B-00C04F79EFBC}") = "WolfAuth.AspNetCore", "src\WolfAuth.AspNetCore\WolfAuth.AspNetCore.csproj", "{C116629A-7908-47F0-A816-513D08A18C1B}"
EndProject
Project("{FAE04EC0-301F-11D3-BF4B-00C04F79EFBC}") = "WolfAuth.EntityFrameworkCore", "src\WolfAuth.EntityFrameworkCore\WolfAuth.EntityFrameworkCore.csproj", "{CCFAF13C-9263-4298-A6D6-9CA0E3D4A646}"
EndProject
Project("{FAE04EC0-301F-11D3-BF4B-00C04F79EFBC}") = "WolfAuth.OpenIdConnect", "src\WolfAuth.OpenIdConnect\WolfAuth.OpenIdConnect.csproj", "{0911DB8B-296F-4FC6-9C39-C3B54BDF7565}"
EndProject
Project("{FAE04EC0-301F-11D3-BF4B-00C04F79EFBC}") = "WolfAuth.Microsoft.EntraId", "src\WolfAuth.Microsoft.EntraId\WolfAuth.Microsoft.EntraId.csproj", "{6F6A3E71-5451-4146-917C-079A8D38C62E}"
EndProject
Project("{2150E333-8FDC-42A3-9474-1A3956D46DE8}") = "samples", "samples", "{5D20AA90-6969-D8BD-9DCD-8634F4692FDA}"
EndProject
Project("{FAE04EC0-301F-11D3-BF4B-00C04F79EFBC}") = "WolfAuth.SampleApi", "samples\WolfAuth.SampleApi\WolfAuth.SampleApi.csproj", "{7BF88A79-0926-4A7A-AD73-D3777436BD62}"
EndProject
Project("{FAE04EC0-301F-11D3-BF4B-00C04F79EFBC}") = "WolfAuth.EntraIdWebSite", "samples\WolfAuth.EntraIdWebSite\WolfAuth.EntraIdWebSite.csproj", "{4CE10665-736C-40AE-85D4-75C6EEBFF953}"
EndProject
Global
	GlobalSection(SolutionConfigurationPlatforms) = preSolution
		Debug|Any CPU = Debug|Any CPU
		Debug|x64 = Debug|x64
		Debug|x86 = Debug|x86
		Release|Any CPU = Release|Any CPU
		Release|x64 = Release|x64
		Release|x86 = Release|x86
	EndGlobalSection
	GlobalSection(ProjectConfigurationPlatforms) = postSolution
		{EFA5B0A5-DA91-4B0F-B8FA-088367CF7D2A}.Debug|Any CPU.ActiveCfg = Debug|Any CPU
		{EFA5B0A5-DA91-4B0F-B8FA-088367CF7D2A}.Debug|Any CPU.Build.0 = Debug|Any CPU
		{EFA5B0A5-DA91-4B0F-B8FA-088367CF7D2A}.Debug|x64.ActiveCfg = Debug|Any CPU
		{EFA5B0A5-DA91-4B0F-B8FA-088367CF7D2A}.Debug|x64.Build.0 = Debug|Any CPU
		{EFA5B0A5-DA91-4B0F-B8FA-088367CF7D2A}.Debug|x86.ActiveCfg = Debug|Any CPU
		{EFA5B0A5-DA91-4B0F-B8FA-088367CF7D2A}.Debug|x86.Build.0 = Debug|Any CPU
		{EFA5B0A5-DA91-4B0F-B8FA-088367CF7D2A}.Release|Any CPU.ActiveCfg = Release|Any CPU
		{EFA5B0A5-DA91-4B0F-B8FA-088367CF7D2A}.Release|Any CPU.Build.0 = Release|Any CPU
		{EFA5B0A5-DA91-4B0F-B8FA-088367CF7D2A}.Release|x64.ActiveCfg = Release|Any CPU
		{EFA5B0A5-DA91-4B0F-B8FA-088367CF7D2A}.Release|x64.Build.0 = Release|Any CPU
		{EFA5B0A5-DA91-4B0F-B8FA-088367CF7D2A}.Release|x86.ActiveCfg = Release|Any CPU
		{EFA5B0A5-DA91-4B0F-B8FA-088367CF7D2A}.Release|x86.Build.0 = Release|Any CPU
		{F05DD898-ED2F-464B-AD77-48264DC159E8}.Debug|Any CPU.ActiveCfg = Debug|Any CPU
		{F05DD898-ED2F-464B-AD77-48264DC159E8}.Debug|Any CPU.Build.0 = Debug|Any CPU
		{F05DD898-ED2F-464B-AD77-48264DC159E8}.Debug|x64.ActiveCfg = Debug|Any CPU
		{F05DD898-ED2F-464B-AD77-48264DC159E8}.Debug|x64.Build.0 = Debug|Any CPU
		{F05DD898-ED2F-464B-AD77-48264DC159E8}.Debug|x86.ActiveCfg = Debug|Any CPU
		{F05DD898-ED2F-464B-AD77-48264DC159E8}.Debug|x86.Build.0 = Debug|Any CPU
		{F05DD898-ED2F-464B-AD77-48264DC159E8}.Release|Any CPU.ActiveCfg = Release|Any CPU
		{F05DD898-ED2F-464B-AD77-48264DC159E8}.Release|Any CPU.Build.0 = Release|Any CPU
		{F05DD898-ED2F-464B-AD77-48264DC159E8}.Release|x64.ActiveCfg = Release|Any CPU
		{F05DD898-ED2F-464B-AD77-48264DC159E8}.Release|x64.Build.0 = Release|Any CPU
		{F05DD898-ED2F-464B-AD77-48264DC159E8}.Release|x86.ActiveCfg = Release|Any CPU
		{F05DD898-ED2F-464B-AD77-48264DC159E8}.Release|x86.Build.0 = Release|Any CPU
		{C116629A-7908-47F0-A816-513D08A18C1B}.Debug|Any CPU.ActiveCfg = Debug|Any CPU
		{C116629A-7908-47F0-A816-513D08A18C1B}.Debug|Any CPU.Build.0 = Debug|Any CPU
		{C116629A-7908-47F0-A816-513D08A18C1B}.Debug|x64.ActiveCfg = Debug|Any CPU
		{C116629A-7908-47F0-A816-513D08A18C1B}.Debug|x64.Build.0 = Debug|Any CPU
		{C116629A-7908-47F0-A816-513D08A18C1B}.Debug|x86.ActiveCfg = Debug|Any CPU
		{C116629A-7908-47F0-A816-513D08A18C1B}.Debug|x86.Build.0 = Debug|Any CPU
		{C116629A-7908-47F0-A816-513D08A18C1B}.Release|Any CPU.ActiveCfg = Release|Any CPU
		{C116629A-7908-47F0-A816-513D08A18C1B}.Release|Any CPU.Build.0 = Release|Any CPU
		{C116629A-7908-47F0-A816-513D08A18C1B}.Release|x64.ActiveCfg = Release|Any CPU
		{C116629A-7908-47F0-A816-513D08A18C1B}.Release|x64.Build.0 = Release|Any CPU
		{C116629A-7908-47F0-A816-513D08A18C1B}.Release|x86.ActiveCfg = Release|Any CPU
		{C116629A-7908-47F0-A816-513D08A18C1B}.Release|x86.Build.0 = Release|Any CPU
		{CCFAF13C-9263-4298-A6D6-9CA0E3D4A646}.Debug|Any CPU.ActiveCfg = Debug|Any CPU
		{CCFAF13C-9263-4298-A6D6-9CA0E3D4A646}.Debug|Any CPU.Build.0 = Debug|Any CPU
		{CCFAF13C-9263-4298-A6D6-9CA0E3D4A646}.Debug|x64.ActiveCfg = Debug|Any CPU
		{CCFAF13C-9263-4298-A6D6-9CA0E3D4A646}.Debug|x64.Build.0 = Debug|Any CPU
		{CCFAF13C-9263-4298-A6D6-9CA0E3D4A646}.Debug|x86.ActiveCfg = Debug|Any CPU
		{CCFAF13C-9263-4298-A6D6-9CA0E3D4A646}.Debug|x86.Build.0 = Debug|Any CPU
		{CCFAF13C-9263-4298-A6D6-9CA0E3D4A646}.Release|Any CPU.ActiveCfg = Release|Any CPU
		{CCFAF13C-9263-4298-A6D6-9CA0E3D4A646}.Release|Any CPU.Build.0 = Release|Any CPU
		{CCFAF13C-9263-4298-A6D6-9CA0E3D4A646}.Release|x64.ActiveCfg = Release|Any CPU
		{CCFAF13C-9263-4298-A6D6-9CA0E3D4A646}.Release|x64.Build.0 = Release|Any CPU
		{CCFAF13C-9263-4298-A6D6-9CA0E3D4A646}.Release|x86.ActiveCfg = Release|Any CPU
		{CCFAF13C-9263-4298-A6D6-9CA0E3D4A646}.Release|x86.Build.0 = Release|Any CPU
		{0911DB8B-296F-4FC6-9C39-C3B54BDF7565}.Debug|Any CPU.ActiveCfg = Debug|Any CPU
		{0911DB8B-296F-4FC6-9C39-C3B54BDF7565}.Debug|Any CPU.Build.0 = Debug|Any CPU
		{0911DB8B-296F-4FC6-9C39-C3B54BDF7565}.Debug|x64.ActiveCfg = Debug|Any CPU
		{0911DB8B-296F-4FC6-9C39-C3B54BDF7565}.Debug|x64.Build.0 = Debug|Any CPU
		{0911DB8B-296F-4FC6-9C39-C3B54BDF7565}.Debug|x86.ActiveCfg = Debug|Any CPU
		{0911DB8B-296F-4FC6-9C39-C3B54BDF7565}.Debug|x86.Build.0 = Debug|Any CPU
		{0911DB8B-296F-4FC6-9C39-C3B54BDF7565}.Release|Any CPU.ActiveCfg = Release|Any CPU
		{0911DB8B-296F-4FC6-9C39-C3B54BDF7565}.Release|Any CPU.Build.0 = Release|Any CPU
		{0911DB8B-296F-4FC6-9C39-C3B54BDF7565}.Release|x64.ActiveCfg = Release|Any CPU
		{0911DB8B-296F-4FC6-9C39-C3B54BDF7565}.Release|x64.Build.0 = Release|Any CPU
		{0911DB8B-296F-4FC6-9C39-C3B54BDF7565}.Release|x86.ActiveCfg = Release|Any CPU
		{0911DB8B-296F-4FC6-9C39-C3B54BDF7565}.Release|x86.Build.0 = Release|Any CPU
		{6F6A3E71-5451-4146-917C-079A8D38C62E}.Debug|Any CPU.ActiveCfg = Debug|Any CPU
		{6F6A3E71-5451-4146-917C-079A8D38C62E}.Debug|Any CPU.Build.0 = Debug|Any CPU
		{6F6A3E71-5451-4146-917C-079A8D38C62E}.Debug|x64.ActiveCfg = Debug|Any CPU
		{6F6A3E71-5451-4146-917C-079A8D38C62E}.Debug|x64.Build.0 = Debug|Any CPU
		{6F6A3E71-5451-4146-917C-079A8D38C62E}.Debug|x86.ActiveCfg = Debug|Any CPU
		{6F6A3E71-5451-4146-917C-079A8D38C62E}.Debug|x86.Build.0 = Debug|Any CPU
		{6F6A3E71-5451-4146-917C-079A8D38C62E}.Release|Any CPU.ActiveCfg = Release|Any CPU
		{6F6A3E71-5451-4146-917C-079A8D38C62E}.Release|Any CPU.Build.0 = Release|Any CPU
		{6F6A3E71-5451-4146-917C-079A8D38C62E}.Release|x64.ActiveCfg = Release|Any CPU
		{6F6A3E71-5451-4146-917C-079A8D38C62E}.Release|x64.Build.0 = Release|Any CPU
		{6F6A3E71-5451-4146-917C-079A8D38C62E}.Release|x86.ActiveCfg = Release|Any CPU
		{6F6A3E71-5451-4146-917C-079A8D38C62E}.Release|x86.Build.0 = Release|Any CPU
		{7BF88A79-0926-4A7A-AD73-D3777436BD62}.Debug|Any CPU.ActiveCfg = Debug|Any CPU
		{7BF88A79-0926-4A7A-AD73-D3777436BD62}.Debug|Any CPU.Build.0 = Debug|Any CPU
		{7BF88A79-0926-4A7A-AD73-D3777436BD62}.Debug|x64.ActiveCfg = Debug|Any CPU
		{7BF88A79-0926-4A7A-AD73-D3777436BD62}.Debug|x64.Build.0 = Debug|Any CPU
		{7BF88A79-0926-4A7A-AD73-D3777436BD62}.Debug|x86.ActiveCfg = Debug|Any CPU
		{7BF88A79-0926-4A7A-AD73-D3777436BD62}.Debug|x86.Build.0 = Debug|Any CPU
		{7BF88A79-0926-4A7A-AD73-D3777436BD62}.Release|Any CPU.ActiveCfg = Release|Any CPU
		{7BF88A79-0926-4A7A-AD73-D3777436BD62}.Release|Any CPU.Build.0 = Release|Any CPU
		{7BF88A79-0926-4A7A-AD73-D3777436BD62}.Release|x64.ActiveCfg = Release|Any CPU
		{7BF88A79-0926-4A7A-AD73-D3777436BD62}.Release|x64.Build.0 = Release|Any CPU
		{7BF88A79-0926-4A7A-AD73-D3777436BD62}.Release|x86.ActiveCfg = Release|Any CPU
		{7BF88A79-0926-4A7A-AD73-D3777436BD62}.Release|x86.Build.0 = Release|Any CPU
		{4CE10665-736C-40AE-85D4-75C6EEBFF953}.Debug|Any CPU.ActiveCfg = Debug|Any CPU
		{4CE10665-736C-40AE-85D4-75C6EEBFF953}.Debug|Any CPU.Build.0 = Debug|Any CPU
		{4CE10665-736C-40AE-85D4-75C6EEBFF953}.Debug|x64.ActiveCfg = Debug|Any CPU
		{4CE10665-736C-40AE-85D4-75C6EEBFF953}.Debug|x64.Build.0 = Debug|Any CPU
		{4CE10665-736C-40AE-85D4-75C6EEBFF953}.Debug|x86.ActiveCfg = Debug|Any CPU
		{4CE10665-736C-40AE-85D4-75C6EEBFF953}.Debug|x86.Build.0 = Debug|Any CPU
		{4CE10665-736C-40AE-85D4-75C6EEBFF953}.Release|Any CPU.ActiveCfg = Release|Any CPU
		{4CE10665-736C-40AE-85D4-75C6EEBFF953}.Release|Any CPU.Build.0 = Release|Any CPU
		{4CE10665-736C-40AE-85D4-75C6EEBFF953}.Release|x64.ActiveCfg = Release|Any CPU
		{4CE10665-736C-40AE-85D4-75C6EEBFF953}.Release|x64.Build.0 = Release|Any CPU
		{4CE10665-736C-40AE-85D4-75C6EEBFF953}.Release|x86.ActiveCfg = Release|Any CPU
		{4CE10665-736C-40AE-85D4-75C6EEBFF953}.Release|x86.Build.0 = Release|Any CPU
	EndGlobalSection
	GlobalSection(SolutionProperties) = preSolution
		HideSolutionNode = FALSE
	EndGlobalSection
	GlobalSection(NestedProjects) = preSolution
		{EFA5B0A5-DA91-4B0F-B8FA-088367CF7D2A} = {E2827727-DE0D-4199-8B20-AC09A55B75F0}
		{F05DD898-ED2F-464B-AD77-48264DC159E8} = {0AB3BF05-4346-4AA6-1389-037BE0695223}
		{C116629A-7908-47F0-A816-513D08A18C1B} = {E2827727-DE0D-4199-8B20-AC09A55B75F0}
		{CCFAF13C-9263-4298-A6D6-9CA0E3D4A646} = {E2827727-DE0D-4199-8B20-AC09A55B75F0}
		{0911DB8B-296F-4FC6-9C39-C3B54BDF7565} = {E2827727-DE0D-4199-8B20-AC09A55B75F0}
		{6F6A3E71-5451-4146-917C-079A8D38C62E} = {E2827727-DE0D-4199-8B20-AC09A55B75F0}
		{7BF88A79-0926-4A7A-AD73-D3777436BD62} = {5D20AA90-6969-D8BD-9DCD-8634F4692FDA}
		{4CE10665-736C-40AE-85D4-75C6EEBFF953} = {5D20AA90-6969-D8BD-9DCD-8634F4692FDA}
	EndGlobalSection
EndGlobal
